
Microsoft Visual Studio Solution File, Format Version 12.00
Project("{D48CF364-1548-4246-A619-C88DCE9D09EB}") = "FlightPlan", "src/FlightPlan/FlightPlan.csproj", "{66816748-0B9D-4A11-BCF1-731792B9E2F9}"
EndProject
Project("{D48CF364-1548-4246-A619-C88DCE9D09EB}") = "FlightPlan.Unity", "src/FlightPlan.Unity/FlightPlan.Unity.csproj", "{973F4F1D-0D91-4FCE-87C5-412083E4397B}"
EndProject
Global
	GlobalSection(SolutionConfigurationPlatforms) = preSolution
		Debug|Any CPU = Debug|Any CPU
		Release|Any CPU = Release|Any CPU
		Deploy|Any CPU = Deploy|Any CPU
		DeployAndRun|Any CPU = DeployAndRun|Any CPU
	EndGlobalSection
	GlobalSection(ProjectConfigurationPlatforms) = postSolution
		{66816748-0B9D-4A11-BCF1-731792B9E2F9}.Debug|Any CPU.ActiveCfg = Debug|Any CPU
		{66816748-0B9D-4A11-BCF1-731792B9E2F9}.Debug|Any CPU.Build.0 = Debug|Any CPU
		{66816748-0B9D-4A11-BCF1-731792B9E2F9}.Release|Any CPU.ActiveCfg = Release|Any CPU
		{66816748-0B9D-4A11-BCF1-731792B9E2F9}.Release|Any CPU.Build.0 = Release|Any CPU
		{66816748-0B9D-4A11-BCF1-731792B9E2F9}.Deploy|Any CPU.ActiveCfg = Deploy|Any CPU
		{66816748-0B9D-4A11-BCF1-731792B9E2F9}.Deploy|Any CPU.Build.0 = Deploy|Any CPU
		{66816748-0B9D-4A11-BCF1-731792B9E2F9}.DeployAndRun|Any CPU.ActiveCfg = DeployAndRun|Any CPU
		{66816748-0B9D-4A11-BCF1-731792B9E2F9}.DeployAndRun|Any CPU.Build.0 = DeployAndRun|Any CPU
		{973F4F1D-0D91-4FCE-87C5-412083E4397B}.Debug|Any CPU.ActiveCfg = Debug|Any CPU
		{973F4F1D-0D91-4FCE-87C5-412083E4397B}.Debug|Any CPU.Build.0 = Debug|Any CPU
		{973F4F1D-0D91-4FCE-87C5-412083E4397B}.Release|Any CPU.ActiveCfg = Release|Any CPU
		{973F4F1D-0D91-4FCE-87C5-412083E4397B}.Release|Any CPU.Build.0 = Release|Any CPU
		{973F4F1D-0D91-4FCE-87C5-412083E4397B}.Deploy|Any CPU.ActiveCfg = Deploy|Any CPU
		{973F4F1D-0D91-4FCE-87C5-412083E4397B}.Deploy|Any CPU.Build.0 = Deploy|Any CPU
		{973F4F1D-0D91-4FCE-87C5-412083E4397B}.DeployAndRun|Any CPU.ActiveCfg = DeployAndRun|Any CPU
		{973F4F1D-0D91-4FCE-87C5-412083E4397B}.DeployAndRun|Any CPU.Build.0 = DeployAndRun|Any CPU
	EndGlobalSection
EndGlobal


